<?xml version="1.0" encoding="utf-8"?>
<Project ToolsVersion="4.0" xmlns="http://schemas.microsoft.com/developer/msbuild/2003">
  <ItemGroup>
    <Filter Include="Source Files">
      <UniqueIdentifier>{4FC737F1-C7A5-4376-A066-2A32D752A2FF}</UniqueIdentifier>
      <Extensions>cpp;c;cc;cxx;c++;cppm;ixx;def;odl;idl;hpj;bat;asm;asmx</Extensions>
    </Filter>
    <Filter Include="Header Files">
      <UniqueIdentifier>{93995380-89BD-4b04-88EB-625FBE52EBFB}</UniqueIdentifier>
      <Extensions>h;hh;hpp;hxx;h++;hm;inl;inc;ipp;xsd</Extensions>
    </Filter>
    <Filter Include="Resource Files">
      <UniqueIdentifier>{67DA6AB6-F800-4c08-8B7A-83BB121AAD01}</UniqueIdentifier>
      <Extensions>rc;ico;cur;bmp;dlg;rc2;rct;bin;rgs;gif;jpg;jpeg;jpe;resx;tiff;tif;png;wav;mfcribbon-ms</Extensions>
    </Filter>
    <Filter Include="Header Files\Validators">
      <UniqueIdentifier>{e2da8c15-9f62-4ccb-b542-40df78bb2faa}</UniqueIdentifier>
    </Filter>
    <Filter Include="Source Files\Validators">
      <UniqueIdentifier>{1f001658-da0a-48c3-8ab4-3433111e2607}</UniqueIdentifier>
    </Filter>
    <Filter Include="Header Files\UI">
      <UniqueIdentifier>{403a3b6c-11e2-4da7-8cdb-41586b11c6a4}</UniqueIdentifier>
    </Filter>
    <Filter Include="Source Files\UI">
      <UniqueIdentifier>{d35e0d77-b4bd-44ff-a3ae-90add69e6752}</UniqueIdentifier>
    </Filter>
    <Filter Include="Header Files\Exceptions">
      <UniqueIdentifier>{14135df2-ce16-4bdd-8029-bf3453e5f11d}</UniqueIdentifier>
    </Filter>
    <Filter Include="Source Files\Exceptions">
      <UniqueIdentifier>{ce681530-adca-45d4-95af-9d99d5e85def}</UniqueIdentifier>
    </Filter>
    <Filter Include="Source Files\Core">
      <UniqueIdentifier>{87f7879a-7618-4470-814d-471c0eed21bc}</UniqueIdentifier>
    </Filter>
    <Filter Include="Header Files\Core">
      <UniqueIdentifier>{bdb60b81-ba0e-4a56-8b09-d48e271bea04}</UniqueIdentifier>
    </Filter>
    <Filter Include="Header Files\Core\Quests">
      <UniqueIdentifier>{cb8befe8-3f07-4098-b0d2-5f88c56e6c6e}</UniqueIdentifier>
    </Filter>
    <Filter Include="Source Files\Core\Quests">
      <UniqueIdentifier>{453d72fd-a811-4118-a79b-057d02043fee}</UniqueIdentifier>
    </Filter>
    <Filter Include="Header Files\Helpers">
      <UniqueIdentifier>{73d21d0d-9bb5-4b54-8fe8-13eb79604519}</UniqueIdentifier>
    </Filter>
    <Filter Include="Source Files\Helpers">
      <UniqueIdentifier>{07572f90-75eb-4467-ac80-ecea586d005d}</UniqueIdentifier>
    </Filter>
    <Filter Include="Header Files\Core\Enums">
      <UniqueIdentifier>{81d2222e-5130-4926-8136-0ffd07687e7a}</UniqueIdentifier>
    </Filter>
    <Filter Include="Header Files\Core\Player">
      <UniqueIdentifier>{a4d7081b-ab7a-451e-a775-10f536a47ff5}</UniqueIdentifier>
    </Filter>
    <Filter Include="Source Files\Core\Player">
      <UniqueIdentifier>{78486065-6837-4d2f-a585-09a0239a2e3b}</UniqueIdentifier>
    </Filter>
  </ItemGroup>
  <ItemGroup>
    <ClCompile Include="PvPArena.cpp">
      <Filter>Source Files</Filter>
    </ClCompile>
    <ClCompile Include="SourceFiles\Exceptions\FileInvalidExtensionException.cpp">
      <Filter>Source Files\Exceptions</Filter>
    </ClCompile>
    <ClCompile Include="SourceFiles\Exceptions\FileNotFoundException.cpp">
      <Filter>Source Files\Exceptions</Filter>
    </ClCompile>
    <ClCompile Include="SourceFiles\UI\ConsoleUI.cpp">
      <Filter>Source Files\UI</Filter>
    </ClCompile>
    <ClCompile Include="SourceFiles\Validators\ConsoleArgumentsValidator.cpp">
      <Filter>Source Files\Validators</Filter>
    </ClCompile>
    <ClCompile Include="SourceFiles\Core\GameHandler.cpp">
      <Filter>Source Files\Core</Filter>
    </ClCompile>
    <ClCompile Include="SourceFiles\Core\Quests\Quest.cpp">
      <Filter>Source Files\Core\Quests</Filter>
    </ClCompile>
    <ClCompile Include="SourceFiles\Core\Quests\QuestHelp.cpp">
      <Filter>Source Files\Core\Quests</Filter>
    </ClCompile>
    <ClCompile Include="SourceFiles\Core\Quests\QuestBattle.cpp">
      <Filter>Source Files\Core\Quests</Filter>
    </ClCompile>
    <ClCompile Include="SourceFiles\Helpers\FileHandler.cpp">
      <Filter>Source Files\Helpers</Filter>
    </ClCompile>
    <ClCompile Include="SourceFiles\Core\Item.cpp">
      <Filter>Source Files\Core</Filter>
    </ClCompile>
    <ClCompile Include="SourceFiles\Exceptions\FileCouldNotBeOpenedException.cpp">
      <Filter>Source Files\Exceptions</Filter>
    </ClCompile>
    <ClCompile Include="SourceFiles\Core\EnumUtil.cpp">
      <Filter>Source Files\Core</Filter>
    </ClCompile>
    <ClCompile Include="SourceFiles\Core\Player\Warrior.cpp">
      <Filter>Source Files\Core\Player</Filter>
    </ClCompile>
    <ClCompile Include="SourceFiles\Core\Player\Archer.cpp">
      <Filter>Source Files\Core\Player</Filter>
    </ClCompile>
    <ClCompile Include="SourceFiles\Core\Player\Mage.cpp">
      <Filter>Source Files\Core\Player</Filter>
    </ClCompile>
    <ClCompile Include="SourceFiles\Core\Player\Paladin.cpp">
      <Filter>Source Files\Core\Player</Filter>
    </ClCompile>
    <ClCompile Include="SourceFiles\Core\Player\Berserker.cpp">
      <Filter>Source Files\Core\Player</Filter>
    </ClCompile>
    <ClCompile Include="SourceFiles\Core\Player\Sniper.cpp">
      <Filter>Source Files\Core\Player</Filter>
    </ClCompile>
    <ClCompile Include="SourceFiles\Core\TurnHandler.cpp">
      <Filter>Source Files\Core</Filter>
    </ClCompile>
    <ClCompile Include="SourceFiles\Core\Player\Player.cpp">
      <Filter>Source Files\Core\Player</Filter>
    </ClCompile>
  </ItemGroup>
  <ItemGroup>
    <ClInclude Include="HeaderFiles\Validators\ConsoleArgumentsValidator.h">
      <Filter>Header Files\Validators</Filter>
    </ClInclude>
    <ClInclude Include="HeaderFiles\UI\ConsoleUI.h">
      <Filter>Header Files\UI</Filter>
    </ClInclude>
    <ClInclude Include="HeaderFiles\UI\UI.h">
      <Filter>Header Files\UI</Filter>
    </ClInclude>
    <ClInclude Include="HeaderFiles\Exceptions\FileInvalidExtensionException.h">
      <Filter>Header Files\Exceptions</Filter>
    </ClInclude>
    <ClInclude Include="HeaderFiles\Exceptions\FileNotFoundException.h">
      <Filter>Header Files\Exceptions</Filter>
    </ClInclude>
    <ClInclude Include="HeaderFiles\Core\GameHandler.h">
      <Filter>Header Files\Core</Filter>
    </ClInclude>
    <ClInclude Include="HeaderFiles\Core\Quests\Quest.h">
      <Filter>Header Files\Core\Quests</Filter>
    </ClInclude>
    <ClInclude Include="HeaderFiles\Core\Quests\QuestBattle.h">
      <Filter>Header Files\Core\Quests</Filter>
    </ClInclude>
    <ClInclude Include="HeaderFiles\Core\Quests\QuestHelp.h">
      <Filter>Header Files\Core\Quests</Filter>
    </ClInclude>
    <ClInclude Include="HeaderFiles\Helpers\FileHandler.h">
      <Filter>Header Files\Helpers</Filter>
    </ClInclude>
    <ClInclude Include="HeaderFiles\Core\Item.h">
      <Filter>Header Files\Core</Filter>
    </ClInclude>
    <ClInclude Include="HeaderFiles\Core\Enums\ItemType.h">
      <Filter>Header Files\Core\Enums</Filter>
    </ClInclude>
    <ClInclude Include="HeaderFiles\Core\Enums\ClassName.h">
      <Filter>Header Files\Core\Enums</Filter>
    </ClInclude>
    <ClInclude Include="HeaderFiles\Core\Enums\QuestType.h">
      <Filter>Header Files\Core\Enums</Filter>
    </ClInclude>
    <ClInclude Include="HeaderFiles\Core\Enums\ConsoleArgumentType.h">
      <Filter>Header Files\Core\Enums</Filter>
    </ClInclude>
    <ClInclude Include="HeaderFiles\Core\Enums\ItemFilePosition.h">
      <Filter>Header Files\Core\Enums</Filter>
    </ClInclude>
    <ClInclude Include="HeaderFiles\Exceptions\FileCouldNotBeOpenedException.h">
      <Filter>Header Files\Exceptions</Filter>
    </ClInclude>
    <ClInclude Include="HeaderFiles\Core\EnumUtil.h">
      <Filter>Header Files\Core</Filter>
    </ClInclude>
    <ClInclude Include="HeaderFiles\Core\Enums\QuestBattleFilePosition.h">
      <Filter>Header Files\Core\Enums</Filter>
    </ClInclude>
    <ClInclude Include="HeaderFiles\Core\Enums\QuestHelpFilePosition.h">
      <Filter>Header Files\Core\Enums</Filter>
    </ClInclude>
    <ClInclude Include="HeaderFiles\Core\Player\Player.h">
      <Filter>Header Files\Core\Player</Filter>
    </ClInclude>
    <ClInclude Include="HeaderFiles\Core\Player\Warrior.h">
      <Filter>Header Files\Core\Player</Filter>
    </ClInclude>
    <ClInclude Include="HeaderFiles\Core\Player\Mage.h">
      <Filter>Header Files\Core\Player</Filter>
    </ClInclude>
    <ClInclude Include="HeaderFiles\Core\Player\Sniper.h">
      <Filter>Header Files\Core\Player</Filter>
    </ClInclude>
    <ClInclude Include="HeaderFiles\Core\Player\Paladin.h">
      <Filter>Header Files\Core\Player</Filter>
    </ClInclude>
    <ClInclude Include="HeaderFiles\Core\Player\Berserker.h">
      <Filter>Header Files\Core\Player</Filter>
    </ClInclude>
    <ClInclude Include="HeaderFiles\Core\Player\Archer.h">
      <Filter>Header Files\Core\Player</Filter>
    </ClInclude>
    <ClInclude Include="HeaderFiles\Core\TurnHandler.h">
      <Filter>Header Files\Core</Filter>
    </ClInclude>
  </ItemGroup>
</Project>